
Microsoft Visual Studio Solution File, Format Version 12.00
# Visual Studio Version 16
VisualStudioVersion = 16.0.30204.135
MinimumVisualStudioVersion = 10.0.40219.1
Project("{9A19103F-16F7-4668-BE54-9A1E7A4F7556}") = "Interview", "Interview.csproj", "{C1CC3587-1AA7-421A-9902-D3522B4C009B}"
EndProject
Global
	GlobalSection(SolutionConfigurationPlatforms) = preSolution
		Debug|Any CPU = Debug|Any CPU
		Release|Any CPU = Release|Any CPU
	EndGlobalSection
	GlobalSection(ProjectConfigurationPlatforms) = postSolution
		{C1CC3587-1AA7-421A-9902-D3522B4C009B}.Debug|Any CPU.ActiveCfg = Debug|Any CPU
		{C1CC3587-1AA7-421A-9902-D3522B4C009B}.Debug|Any CPU.Build.0 = Debug|Any CPU
		{C1CC3587-1AA7-421A-9902-D3522B4C009B}.Release|Any CPU.ActiveCfg = Release|Any CPU
		{C1CC3587-1AA7-421A-9902-D3522B4C009B}.Release|Any CPU.Build.0 = Release|Any CPU
	EndGlobalSection
	GlobalSection(SolutionProperties) = preSolution
		HideSolutionNode = FALSE
	EndGlobalSection
	GlobalSection(ExtensibilityGlobals) = postSolution
		SolutionGuid = {33633240-02C0-496D-9623-B79F90E963C1}
	EndGlobalSection
EndGlobal
